
Microsoft Visual Studio Solution File, Format Version 12.00
# Visual Studio Version 16
VisualStudioVersion = 16.0.29905.134
MinimumVisualStudioVersion = 10.0.40219.1
Project("{FAE04EC0-301F-11D3-BF4B-00C04F79EFBC}") = "NearLosslessPredictiveCoder", "NearLosslessPredictiveCoder\NearLosslessPredictiveCoder.csproj", "{9C0854EF-750C-4504-A6E9-7C653163BF85}"
EndProject
Project("{2150E333-8FDC-42A3-9474-1A3956D46DE8}") = "Tests", "Tests", "{D8C830CD-47D6-4BE3-80D4-B11886881480}"
EndProject
Project("{FAE04EC0-301F-11D3-BF4B-00C04F79EFBC}") = "NearLosslessPredictiveCoder.UnitTests", "Tests\NearLosslessPredictiveCoder.UnitTests\NearLosslessPredictiveCoder.UnitTests.csproj", "{55F87755-18CC-47CB-B59C-2E9B32163631}"
EndProject
Project("{FAE04EC0-301F-11D3-BF4B-00C04F79EFBC}") = "NearLosslessPredictiveCoder.IntegrationTests", "Tests\NearLosslessPredictiveCoder.IntegrationTests\NearLosslessPredictiveCoder.IntegrationTests.csproj", "{379BF628-77E8-4264-AF40-BDA82026E704}"
EndProject
Global
	GlobalSection(SolutionConfigurationPlatforms) = preSolution
		Debug|Any CPU = Debug|Any CPU
		Release|Any CPU = Release|Any CPU
	EndGlobalSection
	GlobalSection(ProjectConfigurationPlatforms) = postSolution
		{9C0854EF-750C-4504-A6E9-7C653163BF85}.Debug|Any CPU.ActiveCfg = Debug|Any CPU
		{9C0854EF-750C-4504-A6E9-7C653163BF85}.Debug|Any CPU.Build.0 = Debug|Any CPU
		{9C0854EF-750C-4504-A6E9-7C653163BF85}.Release|Any CPU.ActiveCfg = Release|Any CPU
		{9C0854EF-750C-4504-A6E9-7C653163BF85}.Release|Any CPU.Build.0 = Release|Any CPU
		{55F87755-18CC-47CB-B59C-2E9B32163631}.Debug|Any CPU.ActiveCfg = Debug|Any CPU
		{55F87755-18CC-47CB-B59C-2E9B32163631}.Debug|Any CPU.Build.0 = Debug|Any CPU
		{55F87755-18CC-47CB-B59C-2E9B32163631}.Release|Any CPU.ActiveCfg = Release|Any CPU
		{55F87755-18CC-47CB-B59C-2E9B32163631}.Release|Any CPU.Build.0 = Release|Any CPU
		{379BF628-77E8-4264-AF40-BDA82026E704}.Debug|Any CPU.ActiveCfg = Debug|Any CPU
		{379BF628-77E8-4264-AF40-BDA82026E704}.Debug|Any CPU.Build.0 = Debug|Any CPU
		{379BF628-77E8-4264-AF40-BDA82026E704}.Release|Any CPU.ActiveCfg = Release|Any CPU
		{379BF628-77E8-4264-AF40-BDA82026E704}.Release|Any CPU.Build.0 = Release|Any CPU
	EndGlobalSection
	GlobalSection(SolutionProperties) = preSolution
		HideSolutionNode = FALSE
	EndGlobalSection
	GlobalSection(NestedProjects) = preSolution
		{55F87755-18CC-47CB-B59C-2E9B32163631} = {D8C830CD-47D6-4BE3-80D4-B11886881480}
		{379BF628-77E8-4264-AF40-BDA82026E704} = {D8C830CD-47D6-4BE3-80D4-B11886881480}
	EndGlobalSection
	GlobalSection(ExtensibilityGlobals) = postSolution
		SolutionGuid = {BCA9B708-B3D1-4316-B279-7376D89B2894}
	EndGlobalSection
EndGlobal
